
Microsoft Visual Studio Solution File, Format Version 12.00
# Visual Studio Version 17
VisualStudioVersion = 17.4.33122.133
MinimumVisualStudioVersion = 10.0.40219.1
Project("{FAE04EC0-301F-11D3-BF4B-00C04F79EFBC}") = "WpfApp7", "WpfApp7\WpfApp7.csproj", "{B487C769-A867-4664-921C-545280F3DA3C}"
EndProject
Global
	GlobalSection(SolutionConfigurationPlatforms) = preSolution
		Debug|Any CPU = Debug|Any CPU
		Release|Any CPU = Release|Any CPU
	EndGlobalSection
	GlobalSection(ProjectConfigurationPlatforms) = postSolution
		{B487C769-A867-4664-921C-545280F3DA3C}.Debug|Any CPU.ActiveCfg = Debug|Any CPU
		{B487C769-A867-4664-921C-545280F3DA3C}.Debug|Any CPU.Build.0 = Debug|Any CPU
		{B487C769-A867-4664-921C-545280F3DA3C}.Release|Any CPU.ActiveCfg = Release|Any CPU
		{B487C769-A867-4664-921C-545280F3DA3C}.Release|Any CPU.Build.0 = Release|Any CPU
	EndGlobalSection
	GlobalSection(SolutionProperties) = preSolution
		HideSolutionNode = FALSE
	EndGlobalSection
	GlobalSection(ExtensibilityGlobals) = postSolution
		SolutionGuid = {F11D565F-9D87-464B-9F73-093F085C53B7}
	EndGlobalSection
EndGlobal
